
Microsoft Visual Studio Solution File, Format Version 12.00
# Visual Studio Version 17
VisualStudioVersion = 17.11.35327.3
MinimumVisualStudioVersion = 10.0.40219.1
Project("{FAE04EC0-301F-11D3-BF4B-00C04F79EFBC}") = "Pr12", "Pr12.csproj", "{2A18917E-55E9-4537-8009-2FAA2ADE0052}"
EndProject
Global
	GlobalSection(SolutionConfigurationPlatforms) = preSolution
		Debug|Any CPU = Debug|Any CPU
		Release|Any CPU = Release|Any CPU
	EndGlobalSection
	GlobalSection(ProjectConfigurationPlatforms) = postSolution
		{2A18917E-55E9-4537-8009-2FAA2ADE0052}.Debug|Any CPU.ActiveCfg = Debug|Any CPU
		{2A18917E-55E9-4537-8009-2FAA2ADE0052}.Debug|Any CPU.Build.0 = Debug|Any CPU
		{2A18917E-55E9-4537-8009-2FAA2ADE0052}.Release|Any CPU.ActiveCfg = Release|Any CPU
		{2A18917E-55E9-4537-8009-2FAA2ADE0052}.Release|Any CPU.Build.0 = Release|Any CPU
	EndGlobalSection
	GlobalSection(SolutionProperties) = preSolution
		HideSolutionNode = FALSE
	EndGlobalSection
	GlobalSection(ExtensibilityGlobals) = postSolution
		SolutionGuid = {03E8C681-C04A-4332-9F94-C9911DAAEBA2}
	EndGlobalSection
EndGlobal
