
Microsoft Visual Studio Solution File, Format Version 12.00
# Visual Studio Version 17
VisualStudioVersion = 17.14.36221.1
MinimumVisualStudioVersion = 10.0.40219.1
Project("{FAE04EC0-301F-11D3-BF4B-00C04F79EFBC}") = "WpfApp1", "WpfApp1\WpfApp1.csproj", "{C5CE281C-062E-4897-A11D-BECFF40CD0C8}"
EndProject
Project("{FAE04EC0-301F-11D3-BF4B-00C04F79EFBC}") = "AuthTest", "UnitTestProject1\AuthTest.csproj", "{5762EE26-076E-4D24-ADB3-912F65B057FB}"
EndProject
Project("{FAE04EC0-301F-11D3-BF4B-00C04F79EFBC}") = "RegistrationTest", "RegistrationTest\RegistrationTest.csproj", "{6AA9F608-10C5-4B52-AEF7-E9C3E3C4F5B5}"
EndProject
Global
	GlobalSection(SolutionConfigurationPlatforms) = preSolution
		Debug|Any CPU = Debug|Any CPU
		Release|Any CPU = Release|Any CPU
	EndGlobalSection
	GlobalSection(ProjectConfigurationPlatforms) = postSolution
		{C5CE281C-062E-4897-A11D-BECFF40CD0C8}.Debug|Any CPU.ActiveCfg = Debug|Any CPU
		{C5CE281C-062E-4897-A11D-BECFF40CD0C8}.Debug|Any CPU.Build.0 = Debug|Any CPU
		{C5CE281C-062E-4897-A11D-BECFF40CD0C8}.Release|Any CPU.ActiveCfg = Release|Any CPU
		{C5CE281C-062E-4897-A11D-BECFF40CD0C8}.Release|Any CPU.Build.0 = Release|Any CPU
		{5762EE26-076E-4D24-ADB3-912F65B057FB}.Debug|Any CPU.ActiveCfg = Debug|Any CPU
		{5762EE26-076E-4D24-ADB3-912F65B057FB}.Debug|Any CPU.Build.0 = Debug|Any CPU
		{5762EE26-076E-4D24-ADB3-912F65B057FB}.Release|Any CPU.ActiveCfg = Release|Any CPU
		{5762EE26-076E-4D24-ADB3-912F65B057FB}.Release|Any CPU.Build.0 = Release|Any CPU
		{6AA9F608-10C5-4B52-AEF7-E9C3E3C4F5B5}.Debug|Any CPU.ActiveCfg = Debug|Any CPU
		{6AA9F608-10C5-4B52-AEF7-E9C3E3C4F5B5}.Debug|Any CPU.Build.0 = Debug|Any CPU
		{6AA9F608-10C5-4B52-AEF7-E9C3E3C4F5B5}.Release|Any CPU.ActiveCfg = Release|Any CPU
		{6AA9F608-10C5-4B52-AEF7-E9C3E3C4F5B5}.Release|Any CPU.Build.0 = Release|Any CPU
	EndGlobalSection
	GlobalSection(SolutionProperties) = preSolution
		HideSolutionNode = FALSE
	EndGlobalSection
	GlobalSection(ExtensibilityGlobals) = postSolution
		SolutionGuid = {9FFBE918-F1A3-4F9C-B6A4-2666BA43317C}
	EndGlobalSection
EndGlobal
