
Microsoft Visual Studio Solution File, Format Version 12.00
# Visual Studio Version 17
VisualStudioVersion = 17.14.36915.13 d17.14
MinimumVisualStudioVersion = 10.0.40219.1
Project("{FAE04EC0-301F-11D3-BF4B-00C04F79EFBC}") = "SalaryCalculator", "SalaryCalculator.csproj", "{C5CE281C-062E-4897-A11D-BECFF40CD0C8}"
EndProject
Project("{FAE04EC0-301F-11D3-BF4B-00C04F79EFBC}") = "SalaryCalculatorTest", "SalaryCalculatorTest\SalaryCalculatorTest.csproj", "{23D463BB-F6C0-470E-A8BC-9F0C1FFDE0F9}"
EndProject
Global
	GlobalSection(SolutionConfigurationPlatforms) = preSolution
		Debug|Any CPU = Debug|Any CPU
		Release|Any CPU = Release|Any CPU
	EndGlobalSection
	GlobalSection(ProjectConfigurationPlatforms) = postSolution
		{C5CE281C-062E-4897-A11D-BECFF40CD0C8}.Debug|Any CPU.ActiveCfg = Debug|Any CPU
		{C5CE281C-062E-4897-A11D-BECFF40CD0C8}.Debug|Any CPU.Build.0 = Debug|Any CPU
		{C5CE281C-062E-4897-A11D-BECFF40CD0C8}.Release|Any CPU.ActiveCfg = Release|Any CPU
		{C5CE281C-062E-4897-A11D-BECFF40CD0C8}.Release|Any CPU.Build.0 = Release|Any CPU
		{23D463BB-F6C0-470E-A8BC-9F0C1FFDE0F9}.Debug|Any CPU.ActiveCfg = Debug|Any CPU
		{23D463BB-F6C0-470E-A8BC-9F0C1FFDE0F9}.Debug|Any CPU.Build.0 = Debug|Any CPU
		{23D463BB-F6C0-470E-A8BC-9F0C1FFDE0F9}.Release|Any CPU.ActiveCfg = Release|Any CPU
		{23D463BB-F6C0-470E-A8BC-9F0C1FFDE0F9}.Release|Any CPU.Build.0 = Release|Any CPU
	EndGlobalSection
	GlobalSection(SolutionProperties) = preSolution
		HideSolutionNode = FALSE
	EndGlobalSection
	GlobalSection(ExtensibilityGlobals) = postSolution
		SolutionGuid = {87FAD619-0B39-4C06-BE9C-B0FE1F586C5B}
	EndGlobalSection
EndGlobal
